{"is_source_file": false, "format": "", "description": "", "external_files": [], "external_methods": [], "published": [], "classes": [], "methods": [], "calls": [], "search-terms": [], "state": 2, "file_id": 17, "knowledge_revision": 34, "git_revision": "ce46ab1305ab1c14a5251a41b0056ce89394cdd8", "filename": "/home/kavia/workspace/code-generation/tictactoe-classic-102333-0513ee44/tic_tac_toe/post_process_status.lock", "hash": "9c4ed7ef73e22b872b8055bec08b8979", "format-version": 4, "code-base-name": "default", "revision_history": [{"34": "ce46ab1305ab1c14a5251a41b0056ce89394cdd8"}]}